// !$*UTF8*$!
{
	archiveVersion = 1;
	classes = {
	};
	objectVersion = 50;
	objects = {

/* Begin PBXBuildFile section */
		3CBA2A3526CAA84B00E962F4 /* VKUCLIENTApp.swift in Sources */ = {isa = PBXBuildFile; fileRef = 3CBA2A3426CAA84B00E962F4 /* VKUCLIENTApp.swift */; };
		3CBA2A3726CAA84B00E962F4 /* ContentView.swift in Sources */ = {isa = PBXBuildFile; fileRef = 3CBA2A3626CAA84B00E962F4 /* ContentView.swift */; };
		3CBA2A3926CAA85000E962F4 /* Assets.xcassets in Resources */ = {isa = PBXBuildFile; fileRef = 3CBA2A3826CAA85000E962F4 /* Assets.xcassets */; };
		3CBA2A3C26CAA85000E962F4 /* Preview Assets.xcassets in Resources */ = {isa = PBXBuildFile; fileRef = 3CBA2A3B26CAA85000E962F4 /* Preview Assets.xcassets */; };
		3CBA2A3E26CAA85000E962F4 /* Persistence.swift in Sources */ = {isa = PBXBuildFile; fileRef = 3CBA2A3D26CAA85000E962F4 /* Persistence.swift */; };
		3CBA2A4126CAA85000E962F4 /* VKUCLIENT.xcdatamodeld in Sources */ = {isa = PBXBuildFile; fileRef = 3CBA2A3F26CAA85000E962F4 /* VKUCLIENT.xcdatamodeld */; };
		3CBA2A4C26CAA85100E962F4 /* VKUCLIENTTests.swift in Sources */ = {isa = PBXBuildFile; fileRef = 3CBA2A4B26CAA85100E962F4 /* VKUCLIENTTests.swift */; };
		3CBA2A5726CAA85100E962F4 /* VKUCLIENTUITests.swift in Sources */ = {isa = PBXBuildFile; fileRef = 3CBA2A5626CAA85100E962F4 /* VKUCLIENTUITests.swift */; };
/* End PBXBuildFile section */

/* Begin PBXContainerItemProxy section */
		3CBA2A4826CAA85100E962F4 /* PBXContainerItemProxy */ = {
			isa = PBXContainerItemProxy;
			containerPortal = 3CBA2A2926CAA84B00E962F4 /* Project object */;
			proxyType = 1;
			remoteGlobalIDString = 3CBA2A3026CAA84B00E962F4;
			remoteInfo = VKUCLIENT;
		};
		3CBA2A5326CAA85100E962F4 /* PBXContainerItemProxy */ = {
			isa = PBXContainerItemProxy;
			containerPortal = 3CBA2A2926CAA84B00E962F4 /* Project object */;
			proxyType = 1;
			remoteGlobalIDString = 3CBA2A3026CAA84B00E962F4;
			remoteInfo = VKUCLIENT;
		};
/* End PBXContainerItemProxy section */

/* Begin PBXFileReference section */
		3CBA2A3126CAA84B00E962F4 /* VKUCLIENT.app */ = {isa = PBXFileReference; explicitFileType = wrapper.application; includeInIndex = 0; path = VKUCLIENT.app; sourceTree = BUILT_PRODUCTS_DIR; };
		3CBA2A3426CAA84B00E962F4 /* VKUCLIENTApp.swift */ = {isa = PBXFileReference; lastKnownFileType = sourcecode.swift; path = VKUCLIENTApp.swift; sourceTree = "<group>"; };
		3CBA2A3626CAA84B00E962F4 /* ContentView.swift */ = {isa = PBXFileReference; lastKnownFileType = sourcecode.swift; path = ContentView.swift; sourceTree = "<group>"; };
		3CBA2A3826CAA85000E962F4 /* Assets.xcassets */ = {isa = PBXFileReference; lastKnownFileType = folder.assetcatalog; path = Assets.xcassets; sourceTree = "<group>"; };
		3CBA2A3B26CAA85000E962F4 /* Preview Assets.xcassets */ = {isa = PBXFileReference; lastKnownFileType = folder.assetcatalog; path = "Preview Assets.xcassets"; sourceTree = "<group>"; };
		3CBA2A3D26CAA85000E962F4 /* Persistence.swift */ = {isa = PBXFileReference; lastKnownFileType = sourcecode.swift; path = Persistence.swift; sourceTree = "<group>"; };
		3CBA2A4026CAA85000E962F4 /* VKUCLIENT.xcdatamodel */ = {isa = PBXFileReference; lastKnownFileType = wrapper.xcdatamodel; path = VKUCLIENT.xcdatamodel; sourceTree = "<group>"; };
		3CBA2A4226CAA85000E962F4 /* Info.plist */ = {isa = PBXFileReference; lastKnownFileType = text.plist.xml; path = Info.plist; sourceTree = "<group>"; };
		3CBA2A4726CAA85100E962F4 /* VKUCLIENTTests.xctest */ = {isa = PBXFileReference; explicitFileType = wrapper.cfbundle; includeInIndex = 0; path = VKUCLIENTTests.xctest; sourceTree = BUILT_PRODUCTS_DIR; };
		3CBA2A4B26CAA85100E962F4 /* VKUCLIENTTests.swift */ = {isa = PBXFileReference; lastKnownFileType = sourcecode.swift; path = VKUCLIENTTests.swift; sourceTree = "<group>"; };
		3CBA2A4D26CAA85100E962F4 /* Info.plist */ = {isa = PBXFileReference; lastKnownFileType = text.plist.xml; path = Info.plist; sourceTree = "<group>"; };
		3CBA2A5226CAA85100E962F4 /* VKUCLIENTUITests.xctest */ = {isa = PBXFileReference; explicitFileType = wrapper.cfbundle; includeInIndex = 0; path = VKUCLIENTUITests.xctest; sourceTree = BUILT_PRODUCTS_DIR; };
		3CBA2A5626CAA85100E962F4 /* VKUCLIENTUITests.swift */ = {isa = PBXFileReference; lastKnownFileType = sourcecode.swift; path = VKUCLIENTUITests.swift; sourceTree = "<group>"; };
		3CBA2A5826CAA85100E962F4 /* Info.plist */ = {isa = PBXFileReference; lastKnownFileType = text.plist.xml; path = Info.plist; sourceTree = "<group>"; };
/* End PBXFileReference section */

/* Begin PBXFrameworksBuildPhase section */
		3CBA2A2E26CAA84B00E962F4 /* Frameworks */ = {
			isa = PBXFrameworksBuildPhase;
			buildActionMask = 2147483647;
			files = (
			);
			runOnlyForDeploymentPostprocessing = 0;
		};
		3CBA2A4426CAA85100E962F4 /* Frameworks */ = {
			isa = PBXFrameworksBuildPhase;
			buildActionMask = 2147483647;
			files = (
			);
			runOnlyForDeploymentPostprocessing = 0;
		};
		3CBA2A4F26CAA85100E962F4 /* Frameworks */ = {
			isa = PBXFrameworksBuildPhase;
			buildActionMask = 2147483647;
			files = (
			);
			runOnlyForDeploymentPostprocessing = 0;
		};
/* End PBXFrameworksBuildPhase section */

/* Begin PBXGroup section */
		3CBA2A2826CAA84B00E962F4 = {
			isa = PBXGroup;
			children = (
				3CBA2A3326CAA84B00E962F4 /* VKUCLIENT */,
				3CBA2A4A26CAA85100E962F4 /* VKUCLIENTTests */,
				3CBA2A5526CAA85100E962F4 /* VKUCLIENTUITests */,
				3CBA2A3226CAA84B00E962F4 /* Products */,
			);
			sourceTree = "<group>";
		};
		3CBA2A3226CAA84B00E962F4 /* Products */ = {
			isa = PBXGroup;
			children = (
				3CBA2A3126CAA84B00E962F4 /* VKUCLIENT.app */,
				3CBA2A4726CAA85100E962F4 /* VKUCLIENTTests.xctest */,
				3CBA2A5226CAA85100E962F4 /* VKUCLIENTUITests.xctest */,
			);
			name = Products;
			sourceTree = "<group>";
		};
		3CBA2A3326CAA84B00E962F4 /* VKUCLIENT */ = {
			isa = PBXGroup;
			children = (
				3CBA2A3426CAA84B00E962F4 /* VKUCLIENTApp.swift */,
				3CBA2A3626CAA84B00E962F4 /* ContentView.swift */,
				3CBA2A3826CAA85000E962F4 /* Assets.xcassets */,
				3CBA2A3D26CAA85000E962F4 /* Persistence.swift */,
				3CBA2A4226CAA85000E962F4 /* Info.plist */,
				3CBA2A3F26CAA85000E962F4 /* VKUCLIENT.xcdatamodeld */,
				3CBA2A3A26CAA85000E962F4 /* Preview Content */,
			);
			path = VKUCLIENT;
			sourceTree = "<group>";
		};
		3CBA2A3A26CAA85000E962F4 /* Preview Content */ = {
			isa = PBXGroup;
			children = (
				3CBA2A3B26CAA85000E962F4 /* Preview Assets.xcassets */,
			);
			path = "Preview Content";
			sourceTree = "<group>";
		};
		3CBA2A4A26CAA85100E962F4 /* VKUCLIENTTests */ = {
			isa = PBXGroup;
			children = (
				3CBA2A4B26CAA85100E962F4 /* VKUCLIENTTests.swift */,
				3CBA2A4D26CAA85100E962F4 /* Info.plist */,
			);
			path = VKUCLIENTTests;
			sourceTree = "<group>";
		};
		3CBA2A5526CAA85100E962F4 /* VKUCLIENTUITests */ = {
			isa = PBXGroup;
			children = (
				3CBA2A5626CAA85100E962F4 /* VKUCLIENTUITests.swift */,
				3CBA2A5826CAA85100E962F4 /* Info.plist */,
			);
			path = VKUCLIENTUITests;
			sourceTree = "<group>";
		};
/* End PBXGroup section */

/* Begin PBXNativeTarget section */
		3CBA2A3026CAA84B00E962F4 /* VKUCLIENT */ = {
			isa = PBXNativeTarget;
			buildConfigurationList = 3CBA2A5B26CAA85100E962F4 /* Build configuration list for PBXNativeTarget "VKUCLIENT" */;
			buildPhases = (
				3CBA2A2D26CAA84B00E962F4 /* Sources */,
				3CBA2A2E26CAA84B00E962F4 /* Frameworks */,
				3CBA2A2F26CAA84B00E962F4 /* Resources */,
			);
			buildRules = (
			);
			dependencies = (
			);
			name = VKUCLIENT;
			productName = VKUCLIENT;
			productReference = 3CBA2A3126CAA84B00E962F4 /* VKUCLIENT.app */;
			productType = "com.apple.product-type.application";
		};
		3CBA2A4626CAA85100E962F4 /* VKUCLIENTTests */ = {
			isa = PBXNativeTarget;
			buildConfigurationList = 3CBA2A5E26CAA85100E962F4 /* Build configuration list for PBXNativeTarget "VKUCLIENTTests" */;
			buildPhases = (
				3CBA2A4326CAA85100E962F4 /* Sources */,
				3CBA2A4426CAA85100E962F4 /* Frameworks */,
				3CBA2A4526CAA85100E962F4 /* Resources */,
			);
			buildRules = (
			);
			dependencies = (
				3CBA2A4926CAA85100E962F4 /* PBXTargetDependency */,
			);
			name = VKUCLIENTTests;
			productName = VKUCLIENTTests;
			productReference = 3CBA2A4726CAA85100E962F4 /* VKUCLIENTTests.xctest */;
			productType = "com.apple.product-type.bundle.unit-test";
		};
		3CBA2A5126CAA85100E962F4 /* VKUCLIENTUITests */ = {
			isa = PBXNativeTarget;
			buildConfigurationList = 3CBA2A6126CAA85100E962F4 /* Build configuration list for PBXNativeTarget "VKUCLIENTUITests" */;
			buildPhases = (
				3CBA2A4E26CAA85100E962F4 /* Sources */,
				3CBA2A4F26CAA85100E962F4 /* Frameworks */,
				3CBA2A5026CAA85100E962F4 /* Resources */,
			);
			buildRules = (
			);
			dependencies = (
				3CBA2A5426CAA85100E962F4 /* PBXTargetDependency */,
			);
			name = VKUCLIENTUITests;
			productName = VKUCLIENTUITests;
			productReference = 3CBA2A5226CAA85100E962F4 /* VKUCLIENTUITests.xctest */;
			productType = "com.apple.product-type.bundle.ui-testing";
		};
/* End PBXNativeTarget section */

/* Begin PBXProject section */
		3CBA2A2926CAA84B00E962F4 /* Project object */ = {
			isa = PBXProject;
			attributes = {
				LastSwiftUpdateCheck = 1250;
				LastUpgradeCheck = 1250;
				TargetAttributes = {
					3CBA2A3026CAA84B00E962F4 = {
						CreatedOnToolsVersion = 12.5.1;
					};
					3CBA2A4626CAA85100E962F4 = {
						CreatedOnToolsVersion = 12.5.1;
						TestTargetID = 3CBA2A3026CAA84B00E962F4;
					};
					3CBA2A5126CAA85100E962F4 = {
						CreatedOnToolsVersion = 12.5.1;
						TestTargetID = 3CBA2A3026CAA84B00E962F4;
					};
				};
			};
			buildConfigurationList = 3CBA2A2C26CAA84B00E962F4 /* Build configuration list for PBXProject "VKUCLIENT" */;
			compatibilityVersion = "Xcode 9.3";
			developmentRegion = en;
			hasScannedForEncodings = 0;
			knownRegions = (
				en,
				Base,
			);
			mainGroup = 3CBA2A2826CAA84B00E962F4;
			productRefGroup = 3CBA2A3226CAA84B00E962F4 /* Products */;
			projectDirPath = "";
			projectRoot = "";
			targets = (
				3CBA2A3026CAA84B00E962F4 /* VKUCLIENT */,
				3CBA2A4626CAA85100E962F4 /* VKUCLIENTTests */,
				3CBA2A5126CAA85100E962F4 /* VKUCLIENTUITests */,
			);
		};
/* End PBXProject section */

/* Begin PBXResourcesBuildPhase section */
		3CBA2A2F26CAA84B00E962F4 /* Resources */ = {
			isa = PBXResourcesBuildPhase;
			buildActionMask = 2147483647;
			files = (
				3CBA2A3C26CAA85000E962F4 /* Preview Assets.xcassets in Resources */,
				3CBA2A3926CAA85000E962F4 /* Assets.xcassets in Resources */,
			);
			runOnlyForDeploymentPostprocessing = 0;
		};
		3CBA2A4526CAA85100E962F4 /* Resources */ = {
			isa = PBXResourcesBuildPhase;
			buildActionMask = 2147483647;
			files = (
			);
			runOnlyForDeploymentPostprocessing = 0;
		};
		3CBA2A5026CAA85100E962F4 /* Resources */ = {
			isa = PBXResourcesBuildPhase;
			buildActionMask = 2147483647;
			files = (
			);
			runOnlyForDeploymentPostprocessing = 0;
		};
/* End PBXResourcesBuildPhase section */

/* Begin PBXSourcesBuildPhase section */
		3CBA2A2D26CAA84B00E962F4 /* Sources */ = {
			isa = PBXSourcesBuildPhase;
			buildActionMask = 2147483647;
			files = (
				3CBA2A3E26CAA85000E962F4 /* Persistence.swift in Sources */,
				3CBA2A3726CAA84B00E962F4 /* ContentView.swift in Sources */,
				3CBA2A3526CAA84B00E962F4 /* VKUCLIENTApp.swift in Sources */,
				3CBA2A4126CAA85000E962F4 /* VKUCLIENT.xcdatamodeld in Sources */,
			);
			runOnlyForDeploymentPostprocessing = 0;
		};
		3CBA2A4326CAA85100E962F4 /* Sources */ = {
			isa = PBXSourcesBuildPhase;
			buildActionMask = 2147483647;
			files = (
				3CBA2A4C26CAA85100E962F4 /* VKUCLIENTTests.swift in Sources */,
			);
			runOnlyForDeploymentPostprocessing = 0;
		};
		3CBA2A4E26CAA85100E962F4 /* Sources */ = {
			isa = PBXSourcesBuildPhase;
			buildActionMask = 2147483647;
			files = (
				3CBA2A5726CAA85100E962F4 /* VKUCLIENTUITests.swift in Sources */,
			);
			runOnlyForDeploymentPostprocessing = 0;
		};
/* End PBXSourcesBuildPhase section */

/* Begin PBXTargetDependency section */
		3CBA2A4926CAA85100E962F4 /* PBXTargetDependency */ = {
			isa = PBXTargetDependency;
			target = 3CBA2A3026CAA84B00E962F4 /* VKUCLIENT */;
			targetProxy = 3CBA2A4826CAA85100E962F4 /* PBXContainerItemProxy */;
		};
		3CBA2A5426CAA85100E962F4 /* PBXTargetDependency */ = {
			isa = PBXTargetDependency;
			target = 3CBA2A3026CAA84B00E962F4 /* VKUCLIENT */;
			targetProxy = 3CBA2A5326CAA85100E962F4 /* PBXContainerItemProxy */;
		};
/* End PBXTargetDependency section */

/* Begin XCBuildConfiguration section */
		3CBA2A5926CAA85100E962F4 /* Debug */ = {
			isa = XCBuildConfiguration;
			buildSettings = {
				ALWAYS_SEARCH_USER_PATHS = NO;
				CLANG_ANALYZER_NONNULL = YES;
				CLANG_ANALYZER_NUMBER_OBJECT_CONVERSION = YES_AGGRESSIVE;
				CLANG_CXX_LANGUAGE_STANDARD = "gnu++14";
				CLANG_CXX_LIBRARY = "libc++";
				CLANG_ENABLE_MODULES = YES;
				CLANG_ENABLE_OBJC_ARC = YES;
				CLANG_ENABLE_OBJC_WEAK = YES;
				CLANG_WARN_BLOCK_CAPTURE_AUTORELEASING = YES;
				CLANG_WARN_BOOL_CONVERSION = YES;
				CLANG_WARN_COMMA = YES;
				CLANG_WARN_CONSTANT_CONVERSION = YES;
				CLANG_WARN_DEPRECATED_OBJC_IMPLEMENTATIONS = YES;
				CLANG_WARN_DIRECT_OBJC_ISA_USAGE = YES_ERROR;
				CLANG_WARN_DOCUMENTATION_COMMENTS = YES;
				CLANG_WARN_EMPTY_BODY = YES;
				CLANG_WARN_ENUM_CONVERSION = YES;
				CLANG_WARN_INFINITE_RECURSION = YES;
				CLANG_WARN_INT_CONVERSION = YES;
				CLANG_WARN_NON_LITERAL_NULL_CONVERSION = YES;
				CLANG_WARN_OBJC_IMPLICIT_RETAIN_SELF = YES;
				CLANG_WARN_OBJC_LITERAL_CONVERSION = YES;
				CLANG_WARN_OBJC_ROOT_CLASS = YES_ERROR;
				CLANG_WARN_QUOTED_INCLUDE_IN_FRAMEWORK_HEADER = YES;
				CLANG_WARN_RANGE_LOOP_ANALYSIS = YES;
				CLANG_WARN_STRICT_PROTOTYPES = YES;
				CLANG_WARN_SUSPICIOUS_MOVE = YES;
				CLANG_WARN_UNGUARDED_AVAILABILITY = YES_AGGRESSIVE;
				CLANG_WARN_UNREACHABLE_CODE = YES;
				CLANG_WARN__DUPLICATE_METHOD_MATCH = YES;
				COPY_PHASE_STRIP = NO;
				DEBUG_INFORMATION_FORMAT = dwarf;
				ENABLE_STRICT_OBJC_MSGSEND = YES;
				ENABLE_TESTABILITY = YES;
				GCC_C_LANGUAGE_STANDARD = gnu11;
				GCC_DYNAMIC_NO_PIC = NO;
				GCC_NO_COMMON_BLOCKS = YES;
				GCC_OPTIMIZATION_LEVEL = 0;
				GCC_PREPROCESSOR_DEFINITIONS = (
					"DEBUG=1",
					"$(inherited)",
				);
				GCC_WARN_64_TO_32_BIT_CONVERSION = YES;
				GCC_WARN_ABOUT_RETURN_TYPE = YES_ERROR;
				GCC_WARN_UNDECLARED_SELECTOR = YES;
				GCC_WARN_UNINITIALIZED_AUTOS = YES_AGGRESSIVE;
				GCC_WARN_UNUSED_FUNCTION = YES;
				GCC_WARN_UNUSED_VARIABLE = YES;
				IPHONEOS_DEPLOYMENT_TARGET = 14.5;
				MTL_ENABLE_DEBUG_INFO = INCLUDE_SOURCE;
				MTL_FAST_MATH = YES;
				ONLY_ACTIVE_ARCH = YES;
				SDKROOT = iphoneos;
				SWIFT_ACTIVE_COMPILATION_CONDITIONS = DEBUG;
				SWIFT_OPTIMIZATION_LEVEL = "-Onone";
			};
			name = Debug;
		};
		3CBA2A5A26CAA85100E962F4 /* Release */ = {
			isa = XCBuildConfiguration;
			buildSettings = {
				ALWAYS_SEARCH_USER_PATHS = NO;
				CLANG_ANALYZER_NONNULL = YES;
				CLANG_ANALYZER_NUMBER_OBJECT_CONVERSION = YES_AGGRESSIVE;
				CLANG_CXX_LANGUAGE_STANDARD = "gnu++14";
				CLANG_CXX_LIBRARY = "libc++";
				CLANG_ENABLE_MODULES = YES;
				CLANG_ENABLE_OBJC_ARC = YES;
				CLANG_ENABLE_OBJC_WEAK = YES;
				CLANG_WARN_BLOCK_CAPTURE_AUTORELEASING = YES;
				CLANG_WARN_BOOL_CONVERSION = YES;
				CLANG_WARN_COMMA = YES;
				CLANG_WARN_CONSTANT_CONVERSION = YES;
				CLANG_WARN_DEPRECATED_OBJC_IMPLEMENTATIONS = YES;
				CLANG_WARN_DIRECT_OBJC_ISA_USAGE = YES_ERROR;
				CLANG_WARN_DOCUMENTATION_COMMENTS = YES;
				CLANG_WARN_EMPTY_BODY = YES;
				CLANG_WARN_ENUM_CONVERSION = YES;
				CLANG_WARN_INFINITE_RECURSION = YES;
				CLANG_WARN_INT_CONVERSION = YES;
				CLANG_WARN_NON_LITERAL_NULL_CONVERSION = YES;
				CLANG_WARN_OBJC_IMPLICIT_RETAIN_SELF = YES;
				CLANG_WARN_OBJC_LITERAL_CONVERSION = YES;
				CLANG_WARN_OBJC_ROOT_CLASS = YES_ERROR;
				CLANG_WARN_QUOTED_INCLUDE_IN_FRAMEWORK_HEADER = YES;
				CLANG_WARN_RANGE_LOOP_ANALYSIS = YES;
				CLANG_WARN_STRICT_PROTOTYPES = YES;
				CLANG_WARN_SUSPICIOUS_MOVE = YES;
				CLANG_WARN_UNGUARDED_AVAILABILITY = YES_AGGRESSIVE;
				CLANG_WARN_UNREACHABLE_CODE = YES;
				CLANG_WARN__DUPLICATE_METHOD_MATCH = YES;
				COPY_PHASE_STRIP = NO;
				DEBUG_INFORMATION_FORMAT = "dwarf-with-dsym";
				ENABLE_NS_ASSERTIONS = NO;
				ENABLE_STRICT_OBJC_MSGSEND = YES;
				GCC_C_LANGUAGE_STANDARD = gnu11;
				GCC_NO_COMMON_BLOCKS = YES;
				GCC_WARN_64_TO_32_BIT_CONVERSION = YES;
				GCC_WARN_ABOUT_RETURN_TYPE = YES_ERROR;
				GCC_WARN_UNDECLARED_SELECTOR = YES;
				GCC_WARN_UNINITIALIZED_AUTOS = YES_AGGRESSIVE;
				GCC_WARN_UNUSED_FUNCTION = YES;
				GCC_WARN_UNUSED_VARIABLE = YES;
				IPHONEOS_DEPLOYMENT_TARGET = 14.5;
				MTL_ENABLE_DEBUG_INFO = NO;
				MTL_FAST_MATH = YES;
				SDKROOT = iphoneos;
				SWIFT_COMPILATION_MODE = wholemodule;
				SWIFT_OPTIMIZATION_LEVEL = "-O";
				VALIDATE_PRODUCT = YES;
			};
			name = Release;
		};
		3CBA2A5C26CAA85100E962F4 /* Debug */ = {
			isa = XCBuildConfiguration;
			buildSettings = {
				ASSETCATALOG_COMPILER_APPICON_NAME = AppIcon;
				ASSETCATALOG_COMPILER_GLOBAL_ACCENT_COLOR_NAME = AccentColor;
				CODE_SIGN_STYLE = Automatic;
				DEVELOPMENT_ASSET_PATHS = "\"VKUCLIENT/Preview Content\"";
				DEVELOPMENT_TEAM = XYPY43SV8D;
				ENABLE_PREVIEWS = YES;
				INFOPLIST_FILE = VKUCLIENT/Info.plist;
				IPHONEOS_DEPLOYMENT_TARGET = 14.0;
				LD_RUNPATH_SEARCH_PATHS = (
					"$(inherited)",
					"@executable_path/Frameworks",
				);
				PRODUCT_BUNDLE_IDENTIFIER = home.VKUCLIENT;
				PRODUCT_NAME = "$(TARGET_NAME)";
				SWIFT_VERSION = 5.0;
				TARGETED_DEVICE_FAMILY = "1,2";
			};
			name = Debug;
		};
		3CBA2A5D26CAA85100E962F4 /* Release */ = {
			isa = XCBuildConfiguration;
			buildSettings = {
				ASSETCATALOG_COMPILER_APPICON_NAME = AppIcon;
				ASSETCATALOG_COMPILER_GLOBAL_ACCENT_COLOR_NAME = AccentColor;
				CODE_SIGN_STYLE = Automatic;
				DEVELOPMENT_ASSET_PATHS = "\"VKUCLIENT/Preview Content\"";
				DEVELOPMENT_TEAM = XYPY43SV8D;
				ENABLE_PREVIEWS = YES;
				INFOPLIST_FILE = VKUCLIENT/Info.plist;
				IPHONEOS_DEPLOYMENT_TARGET = 14.0;
				LD_RUNPATH_SEARCH_PATHS = (
					"$(inherited)",
					"@executable_path/Frameworks",
				);
				PRODUCT_BUNDLE_IDENTIFIER = home.VKUCLIENT;
				PRODUCT_NAME = "$(TARGET_NAME)";
				SWIFT_VERSION = 5.0;
				TARGETED_DEVICE_FAMILY = "1,2";
			};
			name = Release;
		};
		3CBA2A5F26CAA85100E962F4 /* Debug */ = {
			isa = XCBuildConfiguration;
			buildSettings = {
				ALWAYS_EMBED_SWIFT_STANDARD_LIBRARIES = YES;
				BUNDLE_LOADER = "$(TEST_HOST)";
				CODE_SIGN_STYLE = Automatic;
				DEVELOPMENT_TEAM = XYPY43SV8D;
				INFOPLIST_FILE = VKUCLIENTTests/Info.plist;
				IPHONEOS_DEPLOYMENT_TARGET = 14.0;
				LD_RUNPATH_SEARCH_PATHS = (
					"$(inherited)",
					"@executable_path/Frameworks",
					"@loader_path/Frameworks",
				);
				PRODUCT_BUNDLE_IDENTIFIER = home.VKUCLIENTTests;
				PRODUCT_NAME = "$(TARGET_NAME)";
				SWIFT_VERSION = 5.0;
				TARGETED_DEVICE_FAMILY = "1,2";
				TEST_HOST = "$(BUILT_PRODUCTS_DIR)/VKUCLIENT.app/VKUCLIENT";
			};
			name = Debug;
		};
		3CBA2A6026CAA85100E962F4 /* Release */ = {
			isa = XCBuildConfiguration;
			buildSettings = {
				ALWAYS_EMBED_SWIFT_STANDARD_LIBRARIES = YES;
				BUNDLE_LOADER = "$(TEST_HOST)";
				CODE_SIGN_STYLE = Automatic;
				DEVELOPMENT_TEAM = XYPY43SV8D;
				INFOPLIST_FILE = VKUCLIENTTests/Info.plist;
				IPHONEOS_DEPLOYMENT_TARGET = 14.0;
				LD_RUNPATH_SEARCH_PATHS = (
					"$(inherited)",
					"@executable_path/Frameworks",
					"@loader_path/Frameworks",
				);
				PRODUCT_BUNDLE_IDENTIFIER = home.VKUCLIENTTests;
				PRODUCT_NAME = "$(TARGET_NAME)";
				SWIFT_VERSION = 5.0;
				TARGETED_DEVICE_FAMILY = "1,2";
				TEST_HOST = "$(BUILT_PRODUCTS_DIR)/VKUCLIENT.app/VKUCLIENT";
			};
			name = Release;
		};
		3CBA2A6226CAA85100E962F4 /* Debug */ = {
			isa = XCBuildConfiguration;
			buildSettings = {
				ALWAYS_EMBED_SWIFT_STANDARD_LIBRARIES = YES;
				CODE_SIGN_STYLE = Automatic;
				DEVELOPMENT_TEAM = XYPY43SV8D;
				INFOPLIST_FILE = VKUCLIENTUITests/Info.plist;
				LD_RUNPATH_SEARCH_PATHS = (
					"$(inherited)",
					"@executable_path/Frameworks",
					"@loader_path/Frameworks",
				);
				PRODUCT_BUNDLE_IDENTIFIER = home.VKUCLIENTUITests;
				PRODUCT_NAME = "$(TARGET_NAME)";
				SWIFT_VERSION = 5.0;
				TARGETED_DEVICE_FAMILY = "1,2";
				TEST_TARGET_NAME = VKUCLIENT;
			};
			name = Debug;
		};
		3CBA2A6326CAA85100E962F4 /* Release */ = {
			isa = XCBuildConfiguration;
			buildSettings = {
				ALWAYS_EMBED_SWIFT_STANDARD_LIBRARIES = YES;
				CODE_SIGN_STYLE = Automatic;
				DEVELOPMENT_TEAM = XYPY43SV8D;
				INFOPLIST_FILE = VKUCLIENTUITests/Info.plist;
				LD_RUNPATH_SEARCH_PATHS = (
					"$(inherited)",
					"@executable_path/Frameworks",
					"@loader_path/Frameworks",
				);
				PRODUCT_BUNDLE_IDENTIFIER = home.VKUCLIENTUITests;
				PRODUCT_NAME = "$(TARGET_NAME)";
				SWIFT_VERSION = 5.0;
				TARGETED_DEVICE_FAMILY = "1,2";
				TEST_TARGET_NAME = VKUCLIENT;
			};
			name = Release;
		};
/* End XCBuildConfiguration section */

/* Begin XCConfigurationList section */
		3CBA2A2C26CAA84B00E962F4 /* Build configuration list for PBXProject "VKUCLIENT" */ = {
			isa = XCConfigurationList;
			buildConfigurations = (
				3CBA2A5926CAA85100E962F4 /* Debug */,
				3CBA2A5A26CAA85100E962F4 /* Release */,
			);
			defaultConfigurationIsVisible = 0;
			defaultConfigurationName = Release;
		};
		3CBA2A5B26CAA85100E962F4 /* Build configuration list for PBXNativeTarget "VKUCLIENT" */ = {
			isa = XCConfigurationList;
			buildConfigurations = (
				3CBA2A5C26CAA85100E962F4 /* Debug */,
				3CBA2A5D26CAA85100E962F4 /* Release */,
			);
			defaultConfigurationIsVisible = 0;
			defaultConfigurationName = Release;
		};
		3CBA2A5E26CAA85100E962F4 /* Build configuration list for PBXNativeTarget "VKUCLIENTTests" */ = {
			isa = XCConfigurationList;
			buildConfigurations = (
				3CBA2A5F26CAA85100E962F4 /* Debug */,
				3CBA2A6026CAA85100E962F4 /* Release */,
			);
			defaultConfigurationIsVisible = 0;
			defaultConfigurationName = Release;
		};
		3CBA2A6126CAA85100E962F4 /* Build configuration list for PBXNativeTarget "VKUCLIENTUITests" */ = {
			isa = XCConfigurationList;
			buildConfigurations = (
				3CBA2A6226CAA85100E962F4 /* Debug */,
				3CBA2A6326CAA85100E962F4 /* Release */,
			);
			defaultConfigurationIsVisible = 0;
			defaultConfigurationName = Release;
		};
/* End XCConfigurationList section */

/* Begin XCVersionGroup section */
		3CBA2A3F26CAA85000E962F4 /* VKUCLIENT.xcdatamodeld */ = {
			isa = XCVersionGroup;
			children = (
				3CBA2A4026CAA85000E962F4 /* VKUCLIENT.xcdatamodel */,
			);
			currentVersion = 3CBA2A4026CAA85000E962F4 /* VKUCLIENT.xcdatamodel */;
			path = VKUCLIENT.xcdatamodeld;
			sourceTree = "<group>";
			versionGroupType = wrapper.xcdatamodel;
		};
/* End XCVersionGroup section */
	};
	rootObject = 3CBA2A2926CAA84B00E962F4 /* Project object */;
}
